
Microsoft Visual Studio Solution File, Format Version 12.00
# Visual Studio Version 17
VisualStudioVersion = 17.11.35208.52
MinimumVisualStudioVersion = 10.0.40219.1
Project("{2150E333-8FDC-42A3-9474-1A3956D46DE8}") = "Unidad 1", "Unidad 1", "{5B8147FF-15C5-43C8-86BF-1FAA39DB7858}"
EndProject
Project("{2150E333-8FDC-42A3-9474-1A3956D46DE8}") = "Unidad 2", "Unidad 2", "{C11D3FD5-118D-4A34-958C-05669535F357}"
EndProject
Project("{2150E333-8FDC-42A3-9474-1A3956D46DE8}") = "Unidad 3", "Unidad 3", "{0B1D5E4A-0686-4158-B645-0BFBBC42AA29}"
EndProject
Project("{2150E333-8FDC-42A3-9474-1A3956D46DE8}") = "Unidad 4", "Unidad 4", "{D5F5F329-E406-422F-93D3-313E842AB286}"
EndProject
Project("{2150E333-8FDC-42A3-9474-1A3956D46DE8}") = "Unidad 5", "Unidad 5", "{BCA09518-323A-449A-B89A-4F9C22A641B4}"
EndProject
Project("{FAE04EC0-301F-11D3-BF4B-00C04F79EFBC}") = "TP 1", "Ejercicio 1\TP 1.csproj", "{54A42B20-D75B-4668-A6EC-EB6114E65F95}"
EndProject
Project("{FAE04EC0-301F-11D3-BF4B-00C04F79EFBC}") = "TP 2", "TP 2\TP 2.csproj", "{A0586F03-D209-4DB4-8845-5FC2B6D20925}"
EndProject
Global
	GlobalSection(SolutionConfigurationPlatforms) = preSolution
		Debug|Any CPU = Debug|Any CPU
		Release|Any CPU = Release|Any CPU
	EndGlobalSection
	GlobalSection(ProjectConfigurationPlatforms) = postSolution
		{54A42B20-D75B-4668-A6EC-EB6114E65F95}.Debug|Any CPU.ActiveCfg = Debug|Any CPU
		{54A42B20-D75B-4668-A6EC-EB6114E65F95}.Debug|Any CPU.Build.0 = Debug|Any CPU
		{54A42B20-D75B-4668-A6EC-EB6114E65F95}.Release|Any CPU.ActiveCfg = Release|Any CPU
		{54A42B20-D75B-4668-A6EC-EB6114E65F95}.Release|Any CPU.Build.0 = Release|Any CPU
		{A0586F03-D209-4DB4-8845-5FC2B6D20925}.Debug|Any CPU.ActiveCfg = Debug|Any CPU
		{A0586F03-D209-4DB4-8845-5FC2B6D20925}.Debug|Any CPU.Build.0 = Debug|Any CPU
		{A0586F03-D209-4DB4-8845-5FC2B6D20925}.Release|Any CPU.ActiveCfg = Release|Any CPU
		{A0586F03-D209-4DB4-8845-5FC2B6D20925}.Release|Any CPU.Build.0 = Release|Any CPU
	EndGlobalSection
	GlobalSection(SolutionProperties) = preSolution
		HideSolutionNode = FALSE
	EndGlobalSection
	GlobalSection(NestedProjects) = preSolution
		{54A42B20-D75B-4668-A6EC-EB6114E65F95} = {5B8147FF-15C5-43C8-86BF-1FAA39DB7858}
		{A0586F03-D209-4DB4-8845-5FC2B6D20925} = {5B8147FF-15C5-43C8-86BF-1FAA39DB7858}
	EndGlobalSection
	GlobalSection(ExtensibilityGlobals) = postSolution
		SolutionGuid = {987210D9-34F8-4AE7-BB55-1DB5786AA528}
	EndGlobalSection
EndGlobal
